
Microsoft Visual Studio Solution File, Format Version 12.00
# Visual Studio Version 17
VisualStudioVersion = 17.10.35027.167
MinimumVisualStudioVersion = 10.0.40219.1
Project("{9A19103F-16F7-4668-BE54-9A1E7A4F7556}") = "Poke.CloudSalesSystem.Gateway.Application", "Poke.CloudSalesSystem.Gateway.Application\Poke.CloudSalesSystem.Gateway.Application.csproj", "{C5079665-453A-4C7E-B36E-12F8636DCC41}"
EndProject
Project("{9A19103F-16F7-4668-BE54-9A1E7A4F7556}") = "Poke.CloudSalesSystem.Gateway.Domain", "Poke.CloudSalesSystem.Gateway.Domain\Poke.CloudSalesSystem.Gateway.Domain.csproj", "{214CEA2F-194E-4A26-B768-F21A74631731}"
EndProject
Project("{9A19103F-16F7-4668-BE54-9A1E7A4F7556}") = "Poke.CloudSalesSystem.Gateway.Infrastructure", "Poke.CloudSalesSystem.Gateway.Infrastructure\Poke.CloudSalesSystem.Gateway.Infrastructure.csproj", "{7370541C-C80E-4E1C-9E4A-A2FF34565F68}"
EndProject
Project("{2150E333-8FDC-42A3-9474-1A3956D46DE8}") = "src", "src", "{4F78941C-EAEF-4148-8475-CCEDCE0BF93B}"
EndProject
Project("{2150E333-8FDC-42A3-9474-1A3956D46DE8}") = "test", "test", "{15F07E7E-03BA-4AB0-A703-A4B472CAC26E}"
EndProject
Project("{9A19103F-16F7-4668-BE54-9A1E7A4F7556}") = "Poke.CloudSalesSystem.Gateway.Tests", "Poke.CloudSalesSystem.Gateway.Tests\Poke.CloudSalesSystem.Gateway.Tests.csproj", "{87CFC8A0-2371-4562-8EF2-F77080D34B10}"
EndProject
Project("{2150E333-8FDC-42A3-9474-1A3956D46DE8}") = "Solution Items", "Solution Items", "{C148D604-5061-471D-ADA6-E30D7BC23E9F}"
	ProjectSection(SolutionItems) = preProject
		Dockerfile = Dockerfile
	EndProjectSection
EndProject
Project("{2150E333-8FDC-42A3-9474-1A3956D46DE8}") = "ShouldBeNuget", "ShouldBeNuget", "{F31F023B-FFF8-4479-8AFE-8BF3495600A5}"
EndProject
Project("{9A19103F-16F7-4668-BE54-9A1E7A4F7556}") = "Poke.CloudSalesSystem.Contracts.Events", "..\Microservices\Common\Poke.CloudSalesSystem.Contracts.Events\Poke.CloudSalesSystem.Contracts.Events\Poke.CloudSalesSystem.Contracts.Events.csproj", "{4B12FA8E-2CE2-4FAF-B8C6-D4047A3CB299}"
EndProject
Project("{9A19103F-16F7-4668-BE54-9A1E7A4F7556}") = "Poke.CloudSalesSystem.Common", "..\Microservices\Common\Poke.CloudSalesSystem.Common\Poke.CloudSalesSystem.Common\Poke.CloudSalesSystem.Common.csproj", "{21C968C3-797D-4B98-9127-6C4DFD1353B5}"
EndProject
Project("{9A19103F-16F7-4668-BE54-9A1E7A4F7556}") = "Poke.CloudSalesSystem.Gateway.API", "Poke.CloudSalesSystem.Gateway.API\Poke.CloudSalesSystem.Gateway.API.csproj", "{811288CE-C986-494F-8594-AF37B8A1DDCF}"
EndProject
Global
	GlobalSection(SolutionConfigurationPlatforms) = preSolution
		Debug|Any CPU = Debug|Any CPU
		Release|Any CPU = Release|Any CPU
	EndGlobalSection
	GlobalSection(ProjectConfigurationPlatforms) = postSolution
		{C5079665-453A-4C7E-B36E-12F8636DCC41}.Debug|Any CPU.ActiveCfg = Debug|Any CPU
		{C5079665-453A-4C7E-B36E-12F8636DCC41}.Debug|Any CPU.Build.0 = Debug|Any CPU
		{C5079665-453A-4C7E-B36E-12F8636DCC41}.Release|Any CPU.ActiveCfg = Release|Any CPU
		{C5079665-453A-4C7E-B36E-12F8636DCC41}.Release|Any CPU.Build.0 = Release|Any CPU
		{214CEA2F-194E-4A26-B768-F21A74631731}.Debug|Any CPU.ActiveCfg = Debug|Any CPU
		{214CEA2F-194E-4A26-B768-F21A74631731}.Debug|Any CPU.Build.0 = Debug|Any CPU
		{214CEA2F-194E-4A26-B768-F21A74631731}.Release|Any CPU.ActiveCfg = Release|Any CPU
		{214CEA2F-194E-4A26-B768-F21A74631731}.Release|Any CPU.Build.0 = Release|Any CPU
		{7370541C-C80E-4E1C-9E4A-A2FF34565F68}.Debug|Any CPU.ActiveCfg = Debug|Any CPU
		{7370541C-C80E-4E1C-9E4A-A2FF34565F68}.Debug|Any CPU.Build.0 = Debug|Any CPU
		{7370541C-C80E-4E1C-9E4A-A2FF34565F68}.Release|Any CPU.ActiveCfg = Release|Any CPU
		{7370541C-C80E-4E1C-9E4A-A2FF34565F68}.Release|Any CPU.Build.0 = Release|Any CPU
		{87CFC8A0-2371-4562-8EF2-F77080D34B10}.Debug|Any CPU.ActiveCfg = Debug|Any CPU
		{87CFC8A0-2371-4562-8EF2-F77080D34B10}.Debug|Any CPU.Build.0 = Debug|Any CPU
		{87CFC8A0-2371-4562-8EF2-F77080D34B10}.Release|Any CPU.ActiveCfg = Release|Any CPU
		{87CFC8A0-2371-4562-8EF2-F77080D34B10}.Release|Any CPU.Build.0 = Release|Any CPU
		{4B12FA8E-2CE2-4FAF-B8C6-D4047A3CB299}.Debug|Any CPU.ActiveCfg = Debug|Any CPU
		{4B12FA8E-2CE2-4FAF-B8C6-D4047A3CB299}.Debug|Any CPU.Build.0 = Debug|Any CPU
		{4B12FA8E-2CE2-4FAF-B8C6-D4047A3CB299}.Release|Any CPU.ActiveCfg = Release|Any CPU
		{4B12FA8E-2CE2-4FAF-B8C6-D4047A3CB299}.Release|Any CPU.Build.0 = Release|Any CPU
		{21C968C3-797D-4B98-9127-6C4DFD1353B5}.Debug|Any CPU.ActiveCfg = Debug|Any CPU
		{21C968C3-797D-4B98-9127-6C4DFD1353B5}.Debug|Any CPU.Build.0 = Debug|Any CPU
		{21C968C3-797D-4B98-9127-6C4DFD1353B5}.Release|Any CPU.ActiveCfg = Release|Any CPU
		{21C968C3-797D-4B98-9127-6C4DFD1353B5}.Release|Any CPU.Build.0 = Release|Any CPU
		{811288CE-C986-494F-8594-AF37B8A1DDCF}.Debug|Any CPU.ActiveCfg = Debug|Any CPU
		{811288CE-C986-494F-8594-AF37B8A1DDCF}.Debug|Any CPU.Build.0 = Debug|Any CPU
		{811288CE-C986-494F-8594-AF37B8A1DDCF}.Release|Any CPU.ActiveCfg = Release|Any CPU
		{811288CE-C986-494F-8594-AF37B8A1DDCF}.Release|Any CPU.Build.0 = Release|Any CPU
	EndGlobalSection
	GlobalSection(SolutionProperties) = preSolution
		HideSolutionNode = FALSE
	EndGlobalSection
	GlobalSection(NestedProjects) = preSolution
		{C5079665-453A-4C7E-B36E-12F8636DCC41} = {4F78941C-EAEF-4148-8475-CCEDCE0BF93B}
		{214CEA2F-194E-4A26-B768-F21A74631731} = {4F78941C-EAEF-4148-8475-CCEDCE0BF93B}
		{7370541C-C80E-4E1C-9E4A-A2FF34565F68} = {4F78941C-EAEF-4148-8475-CCEDCE0BF93B}
		{87CFC8A0-2371-4562-8EF2-F77080D34B10} = {15F07E7E-03BA-4AB0-A703-A4B472CAC26E}
		{4B12FA8E-2CE2-4FAF-B8C6-D4047A3CB299} = {F31F023B-FFF8-4479-8AFE-8BF3495600A5}
		{21C968C3-797D-4B98-9127-6C4DFD1353B5} = {F31F023B-FFF8-4479-8AFE-8BF3495600A5}
		{811288CE-C986-494F-8594-AF37B8A1DDCF} = {4F78941C-EAEF-4148-8475-CCEDCE0BF93B}
	EndGlobalSection
	GlobalSection(ExtensibilityGlobals) = postSolution
		SolutionGuid = {48109745-2928-4342-94FA-BA57FE134A64}
	EndGlobalSection
EndGlobal
